{
    "_readme": [
        "This file locks the dependencies of your project to a known state",
        "Read more about it at https://getcomposer.org/doc/01-basic-usage.md#installing-dependencies",
        "This file is @generated automatically"
    ],
    "content-hash": "19dd26f41057bd9dc1332c16a659abff",
    "packages": [
        {
            "name": "darkaonline/ripcord",
            "version": "v0.3",
            "source": {
                "type": "git",
                "url": "https://github.com/DarkaOnLine/Ripcord.git",
                "reference": "e511f0569aff024b4a039fedc06c3101fe45ab99"
            },
            "dist": {
                "type": "zip",
                "url": "https://api.github.com/repos/DarkaOnLine/Ripcord/zipball/e511f0569aff024b4a039fedc06c3101fe45ab99",
                "reference": "e511f0569aff024b4a039fedc06c3101fe45ab99",
                "shasum": ""
            },
            "require": {
                "php": ">=5.4"
            },
            "require-dev": {
                "friendsofphp/php-cs-fixer": "^2.14@dev"
            },
            "type": "library",
            "autoload": {
                "psr-4": {
                    "Ripcord\\": "src/Ripcord"
                }
            },
            "notification-url": "https://packagist.org/downloads/",
            "license": [
                "MIT"
            ],
            "authors": [
                {
                    "name": "Darius Matulionis",
                    "email": "darius@matulionis.lt"
                }
            ],
            "description": "RPC client and server around PHP's xmlrpc library",
            "keywords": [
                "rpc",
                "xml",
                "xmlrpc"
            ],
            "support": {
                "issues": "https://github.com/DarkaOnLine/Ripcord/issues",
                "source": "https://github.com/DarkaOnLine/Ripcord/tree/v0.3"
            },
            "funding": [
                {
                    "url": "https://github.com/DarkaOnLine",
                    "type": "github"
                }
            ],
            "time": "2025-02-26T17:28:57+00:00"
        }
    ],
    "packages-dev": [],
    "aliases": [],
    "minimum-stability": "stable",
    "stability-flags": {},
    "prefer-stable": false,
    "prefer-lowest": false,
    "platform": {
        "php": ">=7.4"
    },
    "platform-dev": {},
    "plugin-api-version": "2.6.0"
}
